
Microsoft Visual Studio Solution File, Format Version 12.00
# Visual Studio Version 16
VisualStudioVersion = 16.0.31515.178
MinimumVisualStudioVersion = 10.0.40219.1
Project("{FAE04EC0-301F-11D3-BF4B-00C04F79EFBC}") = "Test-API", "Test-API.csproj", "{006C8936-4F9A-456F-91D7-02BA0F53274F}"
EndProject
Global
	GlobalSection(SolutionConfigurationPlatforms) = preSolution
		Debug|Any CPU = Debug|Any CPU
		Release|Any CPU = Release|Any CPU
	EndGlobalSection
	GlobalSection(ProjectConfigurationPlatforms) = postSolution
		{006C8936-4F9A-456F-91D7-02BA0F53274F}.Debug|Any CPU.ActiveCfg = Debug|Any CPU
		{006C8936-4F9A-456F-91D7-02BA0F53274F}.Debug|Any CPU.Build.0 = Debug|Any CPU
		{006C8936-4F9A-456F-91D7-02BA0F53274F}.Release|Any CPU.ActiveCfg = Release|Any CPU
		{006C8936-4F9A-456F-91D7-02BA0F53274F}.Release|Any CPU.Build.0 = Release|Any CPU
	EndGlobalSection
	GlobalSection(SolutionProperties) = preSolution
		HideSolutionNode = FALSE
	EndGlobalSection
	GlobalSection(ExtensibilityGlobals) = postSolution
		SolutionGuid = {A27863D0-F367-4945-A6F9-32B5DABADB13}
	EndGlobalSection
EndGlobal
